
Microsoft Visual Studio Solution File, Format Version 12.00
# Visual Studio Version 17
VisualStudioVersion = 17.5.002.0
MinimumVisualStudioVersion = 10.0.40219.1
Project("{9A19103F-16F7-4668-BE54-9A1E7A4F7556}") = "HotelBookingWebApp", "HotelBookingWebApp\HotelBookingWebApp.csproj", "{A74B5B9F-1DCF-44DF-8C0F-AEBCD5B93D84}"
EndProject
Global
	GlobalSection(SolutionConfigurationPlatforms) = preSolution
		Debug|Any CPU = Debug|Any CPU
		Release|Any CPU = Release|Any CPU
	EndGlobalSection
	GlobalSection(ProjectConfigurationPlatforms) = postSolution
		{A74B5B9F-1DCF-44DF-8C0F-AEBCD5B93D84}.Debug|Any CPU.ActiveCfg = Debug|Any CPU
		{A74B5B9F-1DCF-44DF-8C0F-AEBCD5B93D84}.Debug|Any CPU.Build.0 = Debug|Any CPU
		{A74B5B9F-1DCF-44DF-8C0F-AEBCD5B93D84}.Release|Any CPU.ActiveCfg = Release|Any CPU
		{A74B5B9F-1DCF-44DF-8C0F-AEBCD5B93D84}.Release|Any CPU.Build.0 = Release|Any CPU
	EndGlobalSection
	GlobalSection(SolutionProperties) = preSolution
		HideSolutionNode = FALSE
	EndGlobalSection
	GlobalSection(ExtensibilityGlobals) = postSolution
		SolutionGuid = {9110B370-64DA-4943-BEF8-218AAE90A339}
	EndGlobalSection
EndGlobal
